
Microsoft Visual Studio Solution File, Format Version 12.00
# Visual Studio Version 16
VisualStudioVersion = 16.0.31911.196
MinimumVisualStudioVersion = 10.0.40219.1
Project("{FAE04EC0-301F-11D3-BF4B-00C04F79EFBC}") = "AppMvcBasica", "AppMvcBasica\AppMvcBasica.csproj", "{489FA161-C23B-4C21-94B6-29B96E4AF879}"
EndProject
Global
	GlobalSection(SolutionConfigurationPlatforms) = preSolution
		Debug|Any CPU = Debug|Any CPU
		Release|Any CPU = Release|Any CPU
	EndGlobalSection
	GlobalSection(ProjectConfigurationPlatforms) = postSolution
		{489FA161-C23B-4C21-94B6-29B96E4AF879}.Debug|Any CPU.ActiveCfg = Debug|Any CPU
		{489FA161-C23B-4C21-94B6-29B96E4AF879}.Debug|Any CPU.Build.0 = Debug|Any CPU
		{489FA161-C23B-4C21-94B6-29B96E4AF879}.Release|Any CPU.ActiveCfg = Release|Any CPU
		{489FA161-C23B-4C21-94B6-29B96E4AF879}.Release|Any CPU.Build.0 = Release|Any CPU
	EndGlobalSection
	GlobalSection(SolutionProperties) = preSolution
		HideSolutionNode = FALSE
	EndGlobalSection
	GlobalSection(ExtensibilityGlobals) = postSolution
		SolutionGuid = {4BEF260D-0E8B-45BF-A86A-686F28EE4D6A}
	EndGlobalSection
EndGlobal
